
Microsoft Visual Studio Solution File, Format Version 12.00
# Visual Studio 2013
VisualStudioVersion = 12.0.31101.0
MinimumVisualStudioVersion = 10.0.40219.1
Project("{FAE04EC0-301F-11D3-BF4B-00C04F79EFBC}") = "MvcApp.Web", "MvcApp.Web\MvcApp.Web.csproj", "{A6D4FF30-93C0-40F5-8E38-3FCD76B3F31F}"
EndProject
Project("{FAE04EC0-301F-11D3-BF4B-00C04F79EFBC}") = "MvcApp.Web.Areas.Auths", "MvcApp.Web\Areas\Auths\MvcApp.Web.Areas.Auths.csproj", "{A15BFC2F-FCA3-43EA-9C09-5B6BA2BBB079}"
EndProject
Project("{FAE04EC0-301F-11D3-BF4B-00C04F79EFBC}") = "CommonFx", "CommonFx\CommonFx.csproj", "{C9F3A91B-7D6B-4FF5-A510-68F0C29E444B}"
EndProject
Project("{FAE04EC0-301F-11D3-BF4B-00C04F79EFBC}") = "MvcApp.Web.Areas.Setup", "MvcApp.Web\Areas\Setup\MvcApp.Web.Areas.Setup.csproj", "{E9DA581F-B9A6-4E99-8110-08EC058A3380}"
EndProject
Project("{2150E333-8FDC-42A3-9474-1A3956D46DE8}") = "_areas", "_areas", "{DEDB9DE7-85C7-4CCB-942D-997F01307A85}"
EndProject
Project("{FAE04EC0-301F-11D3-BF4B-00C04F79EFBC}") = "MvcApp.AppLib.ConfigGroups", "MvcApp.AppLib.ConfigGroups\MvcApp.AppLib.ConfigGroups.csproj", "{73D6FEAF-61EF-4E59-A45E-E7894EBAD04A}"
EndProject
Project("{2150E333-8FDC-42A3-9474-1A3956D46DE8}") = "_libs", "_libs", "{9F26CCB9-5B20-4A26-8721-EDD5B193B965}"
EndProject
Project("{FAE04EC0-301F-11D3-BF4B-00C04F79EFBC}") = "MvcApp.AppLib.AppConsts", "MvcApp.AppLib.AppConsts\MvcApp.AppLib.AppConsts.csproj", "{25A4B710-AE3A-4BCE-99F7-6925E6A4F44B}"
EndProject
Project("{FAE04EC0-301F-11D3-BF4B-00C04F79EFBC}") = "MvcApp.AppLib.Common", "MvcApp.AppLib.Common\MvcApp.AppLib.Common.csproj", "{BE64BD70-DEF3-40ED-8554-C226145BDAFD}"
EndProject
Global
	GlobalSection(SolutionConfigurationPlatforms) = preSolution
		Debug|Any CPU = Debug|Any CPU
		Release|Any CPU = Release|Any CPU
	EndGlobalSection
	GlobalSection(ProjectConfigurationPlatforms) = postSolution
		{A6D4FF30-93C0-40F5-8E38-3FCD76B3F31F}.Debug|Any CPU.ActiveCfg = Debug|Any CPU
		{A6D4FF30-93C0-40F5-8E38-3FCD76B3F31F}.Debug|Any CPU.Build.0 = Debug|Any CPU
		{A6D4FF30-93C0-40F5-8E38-3FCD76B3F31F}.Release|Any CPU.ActiveCfg = Release|Any CPU
		{A6D4FF30-93C0-40F5-8E38-3FCD76B3F31F}.Release|Any CPU.Build.0 = Release|Any CPU
		{A15BFC2F-FCA3-43EA-9C09-5B6BA2BBB079}.Debug|Any CPU.ActiveCfg = Debug|Any CPU
		{A15BFC2F-FCA3-43EA-9C09-5B6BA2BBB079}.Debug|Any CPU.Build.0 = Debug|Any CPU
		{A15BFC2F-FCA3-43EA-9C09-5B6BA2BBB079}.Release|Any CPU.ActiveCfg = Release|Any CPU
		{A15BFC2F-FCA3-43EA-9C09-5B6BA2BBB079}.Release|Any CPU.Build.0 = Release|Any CPU
		{C9F3A91B-7D6B-4FF5-A510-68F0C29E444B}.Debug|Any CPU.ActiveCfg = Debug|Any CPU
		{C9F3A91B-7D6B-4FF5-A510-68F0C29E444B}.Debug|Any CPU.Build.0 = Debug|Any CPU
		{C9F3A91B-7D6B-4FF5-A510-68F0C29E444B}.Release|Any CPU.ActiveCfg = Release|Any CPU
		{C9F3A91B-7D6B-4FF5-A510-68F0C29E444B}.Release|Any CPU.Build.0 = Release|Any CPU
		{E9DA581F-B9A6-4E99-8110-08EC058A3380}.Debug|Any CPU.ActiveCfg = Debug|Any CPU
		{E9DA581F-B9A6-4E99-8110-08EC058A3380}.Debug|Any CPU.Build.0 = Debug|Any CPU
		{E9DA581F-B9A6-4E99-8110-08EC058A3380}.Release|Any CPU.ActiveCfg = Release|Any CPU
		{E9DA581F-B9A6-4E99-8110-08EC058A3380}.Release|Any CPU.Build.0 = Release|Any CPU
		{73D6FEAF-61EF-4E59-A45E-E7894EBAD04A}.Debug|Any CPU.ActiveCfg = Debug|Any CPU
		{73D6FEAF-61EF-4E59-A45E-E7894EBAD04A}.Debug|Any CPU.Build.0 = Debug|Any CPU
		{73D6FEAF-61EF-4E59-A45E-E7894EBAD04A}.Release|Any CPU.ActiveCfg = Release|Any CPU
		{73D6FEAF-61EF-4E59-A45E-E7894EBAD04A}.Release|Any CPU.Build.0 = Release|Any CPU
		{25A4B710-AE3A-4BCE-99F7-6925E6A4F44B}.Debug|Any CPU.ActiveCfg = Debug|Any CPU
		{25A4B710-AE3A-4BCE-99F7-6925E6A4F44B}.Debug|Any CPU.Build.0 = Debug|Any CPU
		{25A4B710-AE3A-4BCE-99F7-6925E6A4F44B}.Release|Any CPU.ActiveCfg = Release|Any CPU
		{25A4B710-AE3A-4BCE-99F7-6925E6A4F44B}.Release|Any CPU.Build.0 = Release|Any CPU
		{BE64BD70-DEF3-40ED-8554-C226145BDAFD}.Debug|Any CPU.ActiveCfg = Debug|Any CPU
		{BE64BD70-DEF3-40ED-8554-C226145BDAFD}.Debug|Any CPU.Build.0 = Debug|Any CPU
		{BE64BD70-DEF3-40ED-8554-C226145BDAFD}.Release|Any CPU.ActiveCfg = Release|Any CPU
		{BE64BD70-DEF3-40ED-8554-C226145BDAFD}.Release|Any CPU.Build.0 = Release|Any CPU
	EndGlobalSection
	GlobalSection(SolutionProperties) = preSolution
		HideSolutionNode = FALSE
	EndGlobalSection
	GlobalSection(NestedProjects) = preSolution
		{A15BFC2F-FCA3-43EA-9C09-5B6BA2BBB079} = {DEDB9DE7-85C7-4CCB-942D-997F01307A85}
		{73D6FEAF-61EF-4E59-A45E-E7894EBAD04A} = {9F26CCB9-5B20-4A26-8721-EDD5B193B965}
		{25A4B710-AE3A-4BCE-99F7-6925E6A4F44B} = {9F26CCB9-5B20-4A26-8721-EDD5B193B965}
		{BE64BD70-DEF3-40ED-8554-C226145BDAFD} = {9F26CCB9-5B20-4A26-8721-EDD5B193B965}
	EndGlobalSection
EndGlobal
